
Microsoft Visual Studio Solution File, Format Version 12.00
# Visual Studio Version 16
VisualStudioVersion = 16.0.31313.79
MinimumVisualStudioVersion = 10.0.40219.1
Project("{FAE04EC0-301F-11D3-BF4B-00C04F79EFBC}") = "Regenesys.Domain", "Regenesys.Domain\Regenesys.Domain.csproj", "{7A505D9B-4936-4C52-8E2F-41CA632D1EFC}"
EndProject
Project("{FAE04EC0-301F-11D3-BF4B-00C04F79EFBC}") = "Regenesys.Infrastructure", "Regenesys.Infrastructure\Regenesys.Infrastructure.csproj", "{A3B8117F-C216-4FA5-8A21-A3D42C141C14}"
EndProject
Project("{FAE04EC0-301F-11D3-BF4B-00C04F79EFBC}") = "Regenesys.Persistence", "Regenesys.Persistence\Regenesys.Persistence.csproj", "{578FD3C0-5F7B-4EE2-84DB-901820376148}"
EndProject
Project("{FAE04EC0-301F-11D3-BF4B-00C04F79EFBC}") = "Regenesys.Service", "Regenesys.Service\Regenesys.Service.csproj", "{D1A0BC74-FB22-4EE2-8174-F0FCF52E3D68}"
EndProject
Project("{FAE04EC0-301F-11D3-BF4B-00C04F79EFBC}") = "Regenesys", "Regenesys\Regenesys.csproj", "{D6FDD40C-12BD-4770-9AAD-3E8592E4CBEF}"
EndProject
Global
	GlobalSection(SolutionConfigurationPlatforms) = preSolution
		Debug|Any CPU = Debug|Any CPU
		Release|Any CPU = Release|Any CPU
	EndGlobalSection
	GlobalSection(ProjectConfigurationPlatforms) = postSolution
		{7A505D9B-4936-4C52-8E2F-41CA632D1EFC}.Debug|Any CPU.ActiveCfg = Debug|Any CPU
		{7A505D9B-4936-4C52-8E2F-41CA632D1EFC}.Debug|Any CPU.Build.0 = Debug|Any CPU
		{7A505D9B-4936-4C52-8E2F-41CA632D1EFC}.Release|Any CPU.ActiveCfg = Release|Any CPU
		{7A505D9B-4936-4C52-8E2F-41CA632D1EFC}.Release|Any CPU.Build.0 = Release|Any CPU
		{A3B8117F-C216-4FA5-8A21-A3D42C141C14}.Debug|Any CPU.ActiveCfg = Debug|Any CPU
		{A3B8117F-C216-4FA5-8A21-A3D42C141C14}.Debug|Any CPU.Build.0 = Debug|Any CPU
		{A3B8117F-C216-4FA5-8A21-A3D42C141C14}.Release|Any CPU.ActiveCfg = Release|Any CPU
		{A3B8117F-C216-4FA5-8A21-A3D42C141C14}.Release|Any CPU.Build.0 = Release|Any CPU
		{578FD3C0-5F7B-4EE2-84DB-901820376148}.Debug|Any CPU.ActiveCfg = Debug|Any CPU
		{578FD3C0-5F7B-4EE2-84DB-901820376148}.Debug|Any CPU.Build.0 = Debug|Any CPU
		{578FD3C0-5F7B-4EE2-84DB-901820376148}.Release|Any CPU.ActiveCfg = Release|Any CPU
		{578FD3C0-5F7B-4EE2-84DB-901820376148}.Release|Any CPU.Build.0 = Release|Any CPU
		{D1A0BC74-FB22-4EE2-8174-F0FCF52E3D68}.Debug|Any CPU.ActiveCfg = Debug|Any CPU
		{D1A0BC74-FB22-4EE2-8174-F0FCF52E3D68}.Debug|Any CPU.Build.0 = Debug|Any CPU
		{D1A0BC74-FB22-4EE2-8174-F0FCF52E3D68}.Release|Any CPU.ActiveCfg = Release|Any CPU
		{D1A0BC74-FB22-4EE2-8174-F0FCF52E3D68}.Release|Any CPU.Build.0 = Release|Any CPU
		{D6FDD40C-12BD-4770-9AAD-3E8592E4CBEF}.Debug|Any CPU.ActiveCfg = Debug|Any CPU
		{D6FDD40C-12BD-4770-9AAD-3E8592E4CBEF}.Debug|Any CPU.Build.0 = Debug|Any CPU
		{D6FDD40C-12BD-4770-9AAD-3E8592E4CBEF}.Release|Any CPU.ActiveCfg = Release|Any CPU
		{D6FDD40C-12BD-4770-9AAD-3E8592E4CBEF}.Release|Any CPU.Build.0 = Release|Any CPU
	EndGlobalSection
	GlobalSection(SolutionProperties) = preSolution
		HideSolutionNode = FALSE
	EndGlobalSection
	GlobalSection(ExtensibilityGlobals) = postSolution
		SolutionGuid = {DF1D963E-746E-4163-BB22-93729C768C15}
	EndGlobalSection
EndGlobal
